
Microsoft Visual Studio Solution File, Format Version 12.00
# Visual Studio Version 16
VisualStudioVersion = 16.0.29418.71
MinimumVisualStudioVersion = 10.0.40219.1
Project("{9A19103F-16F7-4668-BE54-9A1E7A4F7556}") = "FiguresLib", "FiguresLib\FiguresLib.csproj", "{CBDBF1A9-3BE0-40D4-82CC-E36C9A1BC3BD}"
EndProject
Project("{9A19103F-16F7-4668-BE54-9A1E7A4F7556}") = "FiguresLibTest", "FiguresLibTest\FiguresLibTest.csproj", "{D622D3CF-80A6-426F-964E-BF2FDBF7BDB8}"
EndProject
Global
	GlobalSection(SolutionConfigurationPlatforms) = preSolution
		Debug|Any CPU = Debug|Any CPU
		Release|Any CPU = Release|Any CPU
	EndGlobalSection
	GlobalSection(ProjectConfigurationPlatforms) = postSolution
		{CBDBF1A9-3BE0-40D4-82CC-E36C9A1BC3BD}.Debug|Any CPU.ActiveCfg = Debug|Any CPU
		{CBDBF1A9-3BE0-40D4-82CC-E36C9A1BC3BD}.Debug|Any CPU.Build.0 = Debug|Any CPU
		{CBDBF1A9-3BE0-40D4-82CC-E36C9A1BC3BD}.Release|Any CPU.ActiveCfg = Release|Any CPU
		{CBDBF1A9-3BE0-40D4-82CC-E36C9A1BC3BD}.Release|Any CPU.Build.0 = Release|Any CPU
		{D622D3CF-80A6-426F-964E-BF2FDBF7BDB8}.Debug|Any CPU.ActiveCfg = Debug|Any CPU
		{D622D3CF-80A6-426F-964E-BF2FDBF7BDB8}.Debug|Any CPU.Build.0 = Debug|Any CPU
		{D622D3CF-80A6-426F-964E-BF2FDBF7BDB8}.Release|Any CPU.ActiveCfg = Release|Any CPU
		{D622D3CF-80A6-426F-964E-BF2FDBF7BDB8}.Release|Any CPU.Build.0 = Release|Any CPU
	EndGlobalSection
	GlobalSection(SolutionProperties) = preSolution
		HideSolutionNode = FALSE
	EndGlobalSection
	GlobalSection(ExtensibilityGlobals) = postSolution
		SolutionGuid = {ECB44A36-221C-428A-B913-18B4ECACD83E}
	EndGlobalSection
EndGlobal
